
Microsoft Visual Studio Solution File, Format Version 12.00
# Visual Studio 15
VisualStudioVersion = 15.0.28307.572
MinimumVisualStudioVersion = 10.0.40219.1
Project("{8BC9CEB8-8B4A-11D0-8D11-00A0C91BC942}") = "micro_ecc", "micro_ecc.vcxproj", "{DB7C0ACB-19FF-4820-9505-945B6A00D449}"
EndProject
Global
	GlobalSection(SolutionConfigurationPlatforms) = preSolution
		Debug|x64 = Debug|x64
		Debug|x86 = Debug|x86
		Release|x64 = Release|x64
		Release|x86 = Release|x86
	EndGlobalSection
	GlobalSection(ProjectConfigurationPlatforms) = postSolution
		{DB7C0ACB-19FF-4820-9505-945B6A00D449}.Debug|x64.ActiveCfg = Debug|x64
		{DB7C0ACB-19FF-4820-9505-945B6A00D449}.Debug|x64.Build.0 = Debug|x64
		{DB7C0ACB-19FF-4820-9505-945B6A00D449}.Debug|x86.ActiveCfg = Debug|Win32
		{DB7C0ACB-19FF-4820-9505-945B6A00D449}.Debug|x86.Build.0 = Debug|Win32
		{DB7C0ACB-19FF-4820-9505-945B6A00D449}.Release|x64.ActiveCfg = Release|x64
		{DB7C0ACB-19FF-4820-9505-945B6A00D449}.Release|x64.Build.0 = Release|x64
		{DB7C0ACB-19FF-4820-9505-945B6A00D449}.Release|x86.ActiveCfg = Release|Win32
		{DB7C0ACB-19FF-4820-9505-945B6A00D449}.Release|x86.Build.0 = Release|Win32
	EndGlobalSection
	GlobalSection(SolutionProperties) = preSolution
		HideSolutionNode = FALSE
	EndGlobalSection
	GlobalSection(ExtensibilityGlobals) = postSolution
		SolutionGuid = {7F547593-0486-477A-A921-4EE1BF5A5734}
	EndGlobalSection
EndGlobal
