<?xml version="1.0" encoding="utf-8"?>
<Project ToolsVersion="4.0" xmlns="http://schemas.microsoft.com/developer/msbuild/2003">
  <ItemGroup>
    <Filter Include="win32">
      <UniqueIdentifier>{84a8ebd7-7cf0-47f6-b75e-d441df67da40}</UniqueIdentifier>
    </Filter>
    <Filter Include="resource">
      <UniqueIdentifier>{715254bc-d70b-4ec5-bf29-467dd3ace079}</UniqueIdentifier>
    </Filter>
    <Filter Include="src">
      <UniqueIdentifier>{bb6c862e-70e9-49d9-81b7-3829a6f50471}</UniqueIdentifier>
    </Filter>
    <Filter Include="sqlite_utils">
      <UniqueIdentifier>{57a64641-7492-4f8e-9255-48214dd11e47}</UniqueIdentifier>
    </Filter>
    <Filter Include="encoding_utils">
      <UniqueIdentifier>{9a1341d1-0914-43c3-8ffe-a2a8f882d0a7}</UniqueIdentifier>
    </Filter>
  </ItemGroup>
  <ItemGroup>
    <ClCompile Include="main.cpp">
      <Filter>win32</Filter>
    </ClCompile>
    <ClCompile Include="..\Classes\AppDelegate.cpp">
      <Filter>src</Filter>
    </ClCompile>
    <ClCompile Include="..\Classes\HelloWorldScene.cpp">
      <Filter>src</Filter>
    </ClCompile>
    <ClCompile Include="..\Classes\event\login_box.cpp">
      <Filter>src</Filter>
    </ClCompile>
    <ClCompile Include="..\Classes\event\start_box.cpp">
      <Filter>src</Filter>
    </ClCompile>
    <ClCompile Include="..\Classes\sqlite_utils\sqlite_utils.cpp">
      <Filter>sqlite_utils</Filter>
    </ClCompile>
    <ClCompile Include="..\Classes\sqlite_utils\sqlite_error.cpp">
      <Filter>sqlite_utils</Filter>
    </ClCompile>
    <ClCompile Include="..\Classes\sqlite_utils\main_db.cpp">
      <Filter>sqlite_utils</Filter>
    </ClCompile>
    <ClCompile Include="..\Classes\sqlite_utils\logic_db.cpp">
      <Filter>sqlite_utils</Filter>
    </ClCompile>
    <ClCompile Include="..\Classes\encoding_utils\ecsda.cpp">
      <Filter>encoding_utils</Filter>
    </ClCompile>
  </ItemGroup>
  <ItemGroup>
    <ClInclude Include="main.h">
      <Filter>win32</Filter>
    </ClInclude>
    <ClInclude Include="..\Classes\AppDelegate.h">
      <Filter>src</Filter>
    </ClInclude>
    <ClInclude Include="..\Classes\HelloWorldScene.h">
      <Filter>src</Filter>
    </ClInclude>
    <ClInclude Include="..\Classes\common_header.h">
      <Filter>src</Filter>
    </ClInclude>
    <ClInclude Include="..\Classes\event\login_box.h">
      <Filter>src</Filter>
    </ClInclude>
    <ClInclude Include="..\Classes\event\start_box.h">
      <Filter>src</Filter>
    </ClInclude>
    <ClInclude Include="..\Classes\sqlite_utils\sqlite_utils.h">
      <Filter>sqlite_utils</Filter>
    </ClInclude>
    <ClInclude Include="..\Classes\sqlite_utils\sqlite_error.h">
      <Filter>sqlite_utils</Filter>
    </ClInclude>
    <ClInclude Include="..\Classes\sqlite_utils\sqlite_header.h">
      <Filter>sqlite_utils</Filter>
    </ClInclude>
    <ClInclude Include="..\Classes\sqlite_utils\main_db.h">
      <Filter>sqlite_utils</Filter>
    </ClInclude>
    <ClInclude Include="..\Classes\sqlite_utils\logic_db.h">
      <Filter>sqlite_utils</Filter>
    </ClInclude>
    <ClInclude Include="..\Classes\encoding_utils\ecsda.h">
      <Filter>encoding_utils</Filter>
    </ClInclude>
  </ItemGroup>
  <ItemGroup>
    <ResourceCompile Include="game.rc">
      <Filter>resource</Filter>
    </ResourceCompile>
  </ItemGroup>
</Project>